
Microsoft Visual Studio Solution File, Format Version 12.00
# Visual Studio 2012
Project("{FAE04EC0-301F-11D3-BF4B-00C04F79EFBC}") = "CadeMeuMedico", "CadeMeuMedico\CadeMeuMedico.csproj", "{324F6EAB-EA40-4ECF-AC7B-9CF3CD694207}"
EndProject
Global
	GlobalSection(SolutionConfigurationPlatforms) = preSolution
		Debug|Any CPU = Debug|Any CPU
		Release|Any CPU = Release|Any CPU
	EndGlobalSection
	GlobalSection(ProjectConfigurationPlatforms) = postSolution
		{324F6EAB-EA40-4ECF-AC7B-9CF3CD694207}.Debug|Any CPU.ActiveCfg = Debug|Any CPU
		{324F6EAB-EA40-4ECF-AC7B-9CF3CD694207}.Debug|Any CPU.Build.0 = Debug|Any CPU
		{324F6EAB-EA40-4ECF-AC7B-9CF3CD694207}.Release|Any CPU.ActiveCfg = Release|Any CPU
		{324F6EAB-EA40-4ECF-AC7B-9CF3CD694207}.Release|Any CPU.Build.0 = Release|Any CPU
	EndGlobalSection
	GlobalSection(SolutionProperties) = preSolution
		HideSolutionNode = FALSE
	EndGlobalSection
EndGlobal
